
Microsoft Visual Studio Solution File, Format Version 12.00
# Visual Studio Version 17
VisualStudioVersion = 17.2.32616.157
MinimumVisualStudioVersion = 10.0.40219.1
Project("{FAE04EC0-301F-11D3-BF4B-00C04F79EFBC}") = "test", "test\test.csproj", "{A7DC926A-82E5-4D02-A50E-072BA53C832E}"
EndProject
Global
	GlobalSection(SolutionConfigurationPlatforms) = preSolution
		Debug|Any CPU = Debug|Any CPU
		Release|Any CPU = Release|Any CPU
	EndGlobalSection
	GlobalSection(ProjectConfigurationPlatforms) = postSolution
		{A7DC926A-82E5-4D02-A50E-072BA53C832E}.Debug|Any CPU.ActiveCfg = Debug|Any CPU
		{A7DC926A-82E5-4D02-A50E-072BA53C832E}.Debug|Any CPU.Build.0 = Debug|Any CPU
		{A7DC926A-82E5-4D02-A50E-072BA53C832E}.Release|Any CPU.ActiveCfg = Release|Any CPU
		{A7DC926A-82E5-4D02-A50E-072BA53C832E}.Release|Any CPU.Build.0 = Release|Any CPU
	EndGlobalSection
	GlobalSection(SolutionProperties) = preSolution
		HideSolutionNode = FALSE
	EndGlobalSection
	GlobalSection(ExtensibilityGlobals) = postSolution
		SolutionGuid = {05DC7AA9-7EC5-4DF2-A47F-92E057156EAA}
	EndGlobalSection
EndGlobal
