
Microsoft Visual Studio Solution File, Format Version 12.00
# Visual Studio Version 17
VisualStudioVersion = 17.2.32616.157
MinimumVisualStudioVersion = 10.0.40219.1
Project("{FAE04EC0-301F-11D3-BF4B-00C04F79EFBC}") = "Lesson_1", "Lesson_1\Lesson_1.csproj", "{5DD1407A-49C2-4998-8C48-92D55F0A7B53}"
EndProject
Global
	GlobalSection(SolutionConfigurationPlatforms) = preSolution
		Debug|Any CPU = Debug|Any CPU
		Release|Any CPU = Release|Any CPU
	EndGlobalSection
	GlobalSection(ProjectConfigurationPlatforms) = postSolution
		{5DD1407A-49C2-4998-8C48-92D55F0A7B53}.Debug|Any CPU.ActiveCfg = Debug|Any CPU
		{5DD1407A-49C2-4998-8C48-92D55F0A7B53}.Debug|Any CPU.Build.0 = Debug|Any CPU
		{5DD1407A-49C2-4998-8C48-92D55F0A7B53}.Release|Any CPU.ActiveCfg = Release|Any CPU
		{5DD1407A-49C2-4998-8C48-92D55F0A7B53}.Release|Any CPU.Build.0 = Release|Any CPU
	EndGlobalSection
	GlobalSection(SolutionProperties) = preSolution
		HideSolutionNode = FALSE
	EndGlobalSection
	GlobalSection(ExtensibilityGlobals) = postSolution
		SolutionGuid = {A651D640-7B34-4899-AE0B-6B5E91DCBA70}
	EndGlobalSection
EndGlobal
