
Microsoft Visual Studio Solution File, Format Version 12.00
# Visual Studio Version 17
VisualStudioVersion = 17.2.32616.157
MinimumVisualStudioVersion = 10.0.40219.1
Project("{FAE04EC0-301F-11D3-BF4B-00C04F79EFBC}") = "Lesson_2", "Lesson_2\Lesson_2.csproj", "{844A81B7-62C9-4E47-B4C9-CCD9B2331768}"
EndProject
Global
	GlobalSection(SolutionConfigurationPlatforms) = preSolution
		Debug|Any CPU = Debug|Any CPU
		Release|Any CPU = Release|Any CPU
	EndGlobalSection
	GlobalSection(ProjectConfigurationPlatforms) = postSolution
		{844A81B7-62C9-4E47-B4C9-CCD9B2331768}.Debug|Any CPU.ActiveCfg = Debug|Any CPU
		{844A81B7-62C9-4E47-B4C9-CCD9B2331768}.Debug|Any CPU.Build.0 = Debug|Any CPU
		{844A81B7-62C9-4E47-B4C9-CCD9B2331768}.Release|Any CPU.ActiveCfg = Release|Any CPU
		{844A81B7-62C9-4E47-B4C9-CCD9B2331768}.Release|Any CPU.Build.0 = Release|Any CPU
	EndGlobalSection
	GlobalSection(SolutionProperties) = preSolution
		HideSolutionNode = FALSE
	EndGlobalSection
	GlobalSection(ExtensibilityGlobals) = postSolution
		SolutionGuid = {987F2E13-8885-484C-BFF8-498AF5006920}
	EndGlobalSection
EndGlobal
